{
  "pins" : [
    {
      "identity" : "component",
      "kind" : "remoteSourceControl",
      "location" : "https://github.com/nicolas-miari/Component",
      "state" : {
        "revision" : "0d9817c438eb1b12720ac6376d24bc028bcfc2fd",
        "version" : "1.0.0"
      }
    },
    {
      "identity" : "entity",
      "kind" : "remoteSourceControl",
      "location" : "https://github.com/nicolas-miari/Entity.git",
      "state" : {
        "revision" : "0f2f06379561fcd28d596b18010e2981ad2468ed",
        "version" : "0.0.0"
      }
    },
    {
      "identity" : "identifier",
      "kind" : "remoteSourceControl",
      "location" : "https://github.com/nicolas-miari/Identifier.git",
      "state" : {
        "revision" : "c942cc5dd28c5f3b03602c5fd78d2995047e5907",
        "version" : "0.0.1"
      }
    },
    {
      "identity" : "matrixutils",
      "kind" : "remoteSourceControl",
      "location" : "https://github.com/nicolas-miari/MatrixUtils.git",
      "state" : {
        "revision" : "8f2363edca6bd853f5d38034a3314fe5584a6163",
        "version" : "0.0.0"
      }
    },
    {
      "identity" : "rigidbody",
      "kind" : "remoteSourceControl",
      "location" : "https://github.com/nicolas-miari/RigidBody.git",
      "state" : {
        "revision" : "44217cc927c8ee26f5a7d68facec3321fe482339",
        "version" : "1.0.0"
      }
    },
    {
      "identity" : "system",
      "kind" : "remoteSourceControl",
      "location" : "https://github.com/nicolas-miari/System.git",
      "state" : {
        "revision" : "b9ec0f5c918cd59895cbf7dc9fe6d593c53f45a0",
        "version" : "1.0.0"
      }
    },
    {
      "identity" : "transform",
      "kind" : "remoteSourceControl",
      "location" : "https://github.com/nicolas-miari/Transform.git",
      "state" : {
        "revision" : "14417494fd290fc7179e628bb7b135b1e8fe0de4",
        "version" : "1.0.0"
      }
    }
  ],
  "version" : 2
}
